// !$*UTF8*$!
{
	archiveVersion = 1;
	classes = {
	};
	objectVersion = 50;
	objects = {

/* Begin PBXBuildFile section */
		C019AEB82518670400FF752F /* AppDelegate.swift in Sources */ = {isa = PBXBuildFile; fileRef = C019AEB72518670400FF752F /* AppDelegate.swift */; };
		C019AEBA2518670400FF752F /* SceneDelegate.swift in Sources */ = {isa = PBXBuildFile; fileRef = C019AEB92518670400FF752F /* SceneDelegate.swift */; };
		C019AEBC2518670400FF752F /* ViewController.swift in Sources */ = {isa = PBXBuildFile; fileRef = C019AEBB2518670400FF752F /* ViewController.swift */; };
		C019AEBF2518670400FF752F /* Main.storyboard in Resources */ = {isa = PBXBuildFile; fileRef = C019AEBD2518670400FF752F /* Main.storyboard */; };
		C019AEC12518670800FF752F /* Assets.xcassets in Resources */ = {isa = PBXBuildFile; fileRef = C019AEC02518670800FF752F /* Assets.xcassets */; };
		C019AEC42518670800FF752F /* LaunchScreen.storyboard in Resources */ = {isa = PBXBuildFile; fileRef = C019AEC22518670800FF752F /* LaunchScreen.storyboard */; };
		C019AECF2518670800FF752F /* e_KYCTests.swift in Sources */ = {isa = PBXBuildFile; fileRef = C019AECE2518670800FF752F /* e_KYCTests.swift */; };
		C019AEDA2518670800FF752F /* e_KYCUITests.swift in Sources */ = {isa = PBXBuildFile; fileRef = C019AED92518670800FF752F /* e_KYCUITests.swift */; };
/* End PBXBuildFile section */

/* Begin PBXContainerItemProxy section */
		C019AECB2518670800FF752F /* PBXContainerItemProxy */ = {
			isa = PBXContainerItemProxy;
			containerPortal = C019AEAC2518670400FF752F /* Project object */;
			proxyType = 1;
			remoteGlobalIDString = C019AEB32518670400FF752F;
			remoteInfo = "e-KYC";
		};
		C019AED62518670800FF752F /* PBXContainerItemProxy */ = {
			isa = PBXContainerItemProxy;
			containerPortal = C019AEAC2518670400FF752F /* Project object */;
			proxyType = 1;
			remoteGlobalIDString = C019AEB32518670400FF752F;
			remoteInfo = "e-KYC";
		};
/* End PBXContainerItemProxy section */

/* Begin PBXFileReference section */
		C019AEB42518670400FF752F /* e-KYC.app */ = {isa = PBXFileReference; explicitFileType = wrapper.application; includeInIndex = 0; path = "e-KYC.app"; sourceTree = BUILT_PRODUCTS_DIR; };
		C019AEB72518670400FF752F /* AppDelegate.swift */ = {isa = PBXFileReference; lastKnownFileType = sourcecode.swift; path = AppDelegate.swift; sourceTree = "<group>"; };
		C019AEB92518670400FF752F /* SceneDelegate.swift */ = {isa = PBXFileReference; lastKnownFileType = sourcecode.swift; path = SceneDelegate.swift; sourceTree = "<group>"; };
		C019AEBB2518670400FF752F /* ViewController.swift */ = {isa = PBXFileReference; lastKnownFileType = sourcecode.swift; path = ViewController.swift; sourceTree = "<group>"; };
		C019AEBE2518670400FF752F /* Base */ = {isa = PBXFileReference; lastKnownFileType = file.storyboard; name = Base; path = Base.lproj/Main.storyboard; sourceTree = "<group>"; };
		C019AEC02518670800FF752F /* Assets.xcassets */ = {isa = PBXFileReference; lastKnownFileType = folder.assetcatalog; path = Assets.xcassets; sourceTree = "<group>"; };
		C019AEC32518670800FF752F /* Base */ = {isa = PBXFileReference; lastKnownFileType = file.storyboard; name = Base; path = Base.lproj/LaunchScreen.storyboard; sourceTree = "<group>"; };
		C019AEC52518670800FF752F /* Info.plist */ = {isa = PBXFileReference; lastKnownFileType = text.plist.xml; path = Info.plist; sourceTree = "<group>"; };
		C019AECA2518670800FF752F /* e-KYCTests.xctest */ = {isa = PBXFileReference; explicitFileType = wrapper.cfbundle; includeInIndex = 0; path = "e-KYCTests.xctest"; sourceTree = BUILT_PRODUCTS_DIR; };
		C019AECE2518670800FF752F /* e_KYCTests.swift */ = {isa = PBXFileReference; lastKnownFileType = sourcecode.swift; path = e_KYCTests.swift; sourceTree = "<group>"; };
		C019AED02518670800FF752F /* Info.plist */ = {isa = PBXFileReference; lastKnownFileType = text.plist.xml; path = Info.plist; sourceTree = "<group>"; };
		C019AED52518670800FF752F /* e-KYCUITests.xctest */ = {isa = PBXFileReference; explicitFileType = wrapper.cfbundle; includeInIndex = 0; path = "e-KYCUITests.xctest"; sourceTree = BUILT_PRODUCTS_DIR; };
		C019AED92518670800FF752F /* e_KYCUITests.swift */ = {isa = PBXFileReference; lastKnownFileType = sourcecode.swift; path = e_KYCUITests.swift; sourceTree = "<group>"; };
		C019AEDB2518670800FF752F /* Info.plist */ = {isa = PBXFileReference; lastKnownFileType = text.plist.xml; path = Info.plist; sourceTree = "<group>"; };
/* End PBXFileReference section */

/* Begin PBXFrameworksBuildPhase section */
		C019AEB12518670400FF752F /* Frameworks */ = {
			isa = PBXFrameworksBuildPhase;
			buildActionMask = 2147483647;
			files = (
			);
			runOnlyForDeploymentPostprocessing = 0;
		};
		C019AEC72518670800FF752F /* Frameworks */ = {
			isa = PBXFrameworksBuildPhase;
			buildActionMask = 2147483647;
			files = (
			);
			runOnlyForDeploymentPostprocessing = 0;
		};
		C019AED22518670800FF752F /* Frameworks */ = {
			isa = PBXFrameworksBuildPhase;
			buildActionMask = 2147483647;
			files = (
			);
			runOnlyForDeploymentPostprocessing = 0;
		};
/* End PBXFrameworksBuildPhase section */

/* Begin PBXGroup section */
		C019AEAB2518670400FF752F = {
			isa = PBXGroup;
			children = (
				C019AEB62518670400FF752F /* e-KYC */,
				C019AECD2518670800FF752F /* e-KYCTests */,
				C019AED82518670800FF752F /* e-KYCUITests */,
				C019AEB52518670400FF752F /* Products */,
			);
			sourceTree = "<group>";
		};
		C019AEB52518670400FF752F /* Products */ = {
			isa = PBXGroup;
			children = (
				C019AEB42518670400FF752F /* e-KYC.app */,
				C019AECA2518670800FF752F /* e-KYCTests.xctest */,
				C019AED52518670800FF752F /* e-KYCUITests.xctest */,
			);
			name = Products;
			sourceTree = "<group>";
		};
		C019AEB62518670400FF752F /* e-KYC */ = {
			isa = PBXGroup;
			children = (
				C019AEB72518670400FF752F /* AppDelegate.swift */,
				C019AEB92518670400FF752F /* SceneDelegate.swift */,
				C019AEBB2518670400FF752F /* ViewController.swift */,
				C019AEBD2518670400FF752F /* Main.storyboard */,
				C019AEC02518670800FF752F /* Assets.xcassets */,
				C019AEC22518670800FF752F /* LaunchScreen.storyboard */,
				C019AEC52518670800FF752F /* Info.plist */,
			);
			path = "e-KYC";
			sourceTree = "<group>";
		};
		C019AECD2518670800FF752F /* e-KYCTests */ = {
			isa = PBXGroup;
			children = (
				C019AECE2518670800FF752F /* e_KYCTests.swift */,
				C019AED02518670800FF752F /* Info.plist */,
			);
			path = "e-KYCTests";
			sourceTree = "<group>";
		};
		C019AED82518670800FF752F /* e-KYCUITests */ = {
			isa = PBXGroup;
			children = (
				C019AED92518670800FF752F /* e_KYCUITests.swift */,
				C019AEDB2518670800FF752F /* Info.plist */,
			);
			path = "e-KYCUITests";
			sourceTree = "<group>";
		};
/* End PBXGroup section */

/* Begin PBXNativeTarget section */
		C019AEB32518670400FF752F /* e-KYC */ = {
			isa = PBXNativeTarget;
			buildConfigurationList = C019AEDE2518670800FF752F /* Build configuration list for PBXNativeTarget "e-KYC" */;
			buildPhases = (
				C019AEB02518670400FF752F /* Sources */,
				C019AEB12518670400FF752F /* Frameworks */,
				C019AEB22518670400FF752F /* Resources */,
			);
			buildRules = (
			);
			dependencies = (
			);
			name = "e-KYC";
			productName = "e-KYC";
			productReference = C019AEB42518670400FF752F /* e-KYC.app */;
			productType = "com.apple.product-type.application";
		};
		C019AEC92518670800FF752F /* e-KYCTests */ = {
			isa = PBXNativeTarget;
			buildConfigurationList = C019AEE12518670800FF752F /* Build configuration list for PBXNativeTarget "e-KYCTests" */;
			buildPhases = (
				C019AEC62518670800FF752F /* Sources */,
				C019AEC72518670800FF752F /* Frameworks */,
				C019AEC82518670800FF752F /* Resources */,
			);
			buildRules = (
			);
			dependencies = (
				C019AECC2518670800FF752F /* PBXTargetDependency */,
			);
			name = "e-KYCTests";
			productName = "e-KYCTests";
			productReference = C019AECA2518670800FF752F /* e-KYCTests.xctest */;
			productType = "com.apple.product-type.bundle.unit-test";
		};
		C019AED42518670800FF752F /* e-KYCUITests */ = {
			isa = PBXNativeTarget;
			buildConfigurationList = C019AEE42518670800FF752F /* Build configuration list for PBXNativeTarget "e-KYCUITests" */;
			buildPhases = (
				C019AED12518670800FF752F /* Sources */,
				C019AED22518670800FF752F /* Frameworks */,
				C019AED32518670800FF752F /* Resources */,
			);
			buildRules = (
			);
			dependencies = (
				C019AED72518670800FF752F /* PBXTargetDependency */,
			);
			name = "e-KYCUITests";
			productName = "e-KYCUITests";
			productReference = C019AED52518670800FF752F /* e-KYCUITests.xctest */;
			productType = "com.apple.product-type.bundle.ui-testing";
		};
/* End PBXNativeTarget section */

/* Begin PBXProject section */
		C019AEAC2518670400FF752F /* Project object */ = {
			isa = PBXProject;
			attributes = {
				LastSwiftUpdateCheck = 1200;
				LastUpgradeCheck = 1200;
				TargetAttributes = {
					C019AEB32518670400FF752F = {
						CreatedOnToolsVersion = 12.0;
					};
					C019AEC92518670800FF752F = {
						CreatedOnToolsVersion = 12.0;
						TestTargetID = C019AEB32518670400FF752F;
					};
					C019AED42518670800FF752F = {
						CreatedOnToolsVersion = 12.0;
						TestTargetID = C019AEB32518670400FF752F;
					};
				};
			};
			buildConfigurationList = C019AEAF2518670400FF752F /* Build configuration list for PBXProject "e-KYC" */;
			compatibilityVersion = "Xcode 9.3";
			developmentRegion = en;
			hasScannedForEncodings = 0;
			knownRegions = (
				en,
				Base,
			);
			mainGroup = C019AEAB2518670400FF752F;
			productRefGroup = C019AEB52518670400FF752F /* Products */;
			projectDirPath = "";
			projectRoot = "";
			targets = (
				C019AEB32518670400FF752F /* e-KYC */,
				C019AEC92518670800FF752F /* e-KYCTests */,
				C019AED42518670800FF752F /* e-KYCUITests */,
			);
		};
/* End PBXProject section */

/* Begin PBXResourcesBuildPhase section */
		C019AEB22518670400FF752F /* Resources */ = {
			isa = PBXResourcesBuildPhase;
			buildActionMask = 2147483647;
			files = (
				C019AEC42518670800FF752F /* LaunchScreen.storyboard in Resources */,
				C019AEC12518670800FF752F /* Assets.xcassets in Resources */,
				C019AEBF2518670400FF752F /* Main.storyboard in Resources */,
			);
			runOnlyForDeploymentPostprocessing = 0;
		};
		C019AEC82518670800FF752F /* Resources */ = {
			isa = PBXResourcesBuildPhase;
			buildActionMask = 2147483647;
			files = (
			);
			runOnlyForDeploymentPostprocessing = 0;
		};
		C019AED32518670800FF752F /* Resources */ = {
			isa = PBXResourcesBuildPhase;
			buildActionMask = 2147483647;
			files = (
			);
			runOnlyForDeploymentPostprocessing = 0;
		};
/* End PBXResourcesBuildPhase section */

/* Begin PBXSourcesBuildPhase section */
		C019AEB02518670400FF752F /* Sources */ = {
			isa = PBXSourcesBuildPhase;
			buildActionMask = 2147483647;
			files = (
				C019AEBC2518670400FF752F /* ViewController.swift in Sources */,
				C019AEB82518670400FF752F /* AppDelegate.swift in Sources */,
				C019AEBA2518670400FF752F /* SceneDelegate.swift in Sources */,
			);
			runOnlyForDeploymentPostprocessing = 0;
		};
		C019AEC62518670800FF752F /* Sources */ = {
			isa = PBXSourcesBuildPhase;
			buildActionMask = 2147483647;
			files = (
				C019AECF2518670800FF752F /* e_KYCTests.swift in Sources */,
			);
			runOnlyForDeploymentPostprocessing = 0;
		};
		C019AED12518670800FF752F /* Sources */ = {
			isa = PBXSourcesBuildPhase;
			buildActionMask = 2147483647;
			files = (
				C019AEDA2518670800FF752F /* e_KYCUITests.swift in Sources */,
			);
			runOnlyForDeploymentPostprocessing = 0;
		};
/* End PBXSourcesBuildPhase section */

/* Begin PBXTargetDependency section */
		C019AECC2518670800FF752F /* PBXTargetDependency */ = {
			isa = PBXTargetDependency;
			target = C019AEB32518670400FF752F /* e-KYC */;
			targetProxy = C019AECB2518670800FF752F /* PBXContainerItemProxy */;
		};
		C019AED72518670800FF752F /* PBXTargetDependency */ = {
			isa = PBXTargetDependency;
			target = C019AEB32518670400FF752F /* e-KYC */;
			targetProxy = C019AED62518670800FF752F /* PBXContainerItemProxy */;
		};
/* End PBXTargetDependency section */

/* Begin PBXVariantGroup section */
		C019AEBD2518670400FF752F /* Main.storyboard */ = {
			isa = PBXVariantGroup;
			children = (
				C019AEBE2518670400FF752F /* Base */,
			);
			name = Main.storyboard;
			sourceTree = "<group>";
		};
		C019AEC22518670800FF752F /* LaunchScreen.storyboard */ = {
			isa = PBXVariantGroup;
			children = (
				C019AEC32518670800FF752F /* Base */,
			);
			name = LaunchScreen.storyboard;
			sourceTree = "<group>";
		};
/* End PBXVariantGroup section */

/* Begin XCBuildConfiguration section */
		C019AEDC2518670800FF752F /* Debug */ = {
			isa = XCBuildConfiguration;
			buildSettings = {
				ALWAYS_SEARCH_USER_PATHS = NO;
				CLANG_ANALYZER_NONNULL = YES;
				CLANG_ANALYZER_NUMBER_OBJECT_CONVERSION = YES_AGGRESSIVE;
				CLANG_CXX_LANGUAGE_STANDARD = "gnu++14";
				CLANG_CXX_LIBRARY = "libc++";
				CLANG_ENABLE_MODULES = YES;
				CLANG_ENABLE_OBJC_ARC = YES;
				CLANG_ENABLE_OBJC_WEAK = YES;
				CLANG_WARN_BLOCK_CAPTURE_AUTORELEASING = YES;
				CLANG_WARN_BOOL_CONVERSION = YES;
				CLANG_WARN_COMMA = YES;
				CLANG_WARN_CONSTANT_CONVERSION = YES;
				CLANG_WARN_DEPRECATED_OBJC_IMPLEMENTATIONS = YES;
				CLANG_WARN_DIRECT_OBJC_ISA_USAGE = YES_ERROR;
				CLANG_WARN_DOCUMENTATION_COMMENTS = YES;
				CLANG_WARN_EMPTY_BODY = YES;
				CLANG_WARN_ENUM_CONVERSION = YES;
				CLANG_WARN_INFINITE_RECURSION = YES;
				CLANG_WARN_INT_CONVERSION = YES;
				CLANG_WARN_NON_LITERAL_NULL_CONVERSION = YES;
				CLANG_WARN_OBJC_IMPLICIT_RETAIN_SELF = YES;
				CLANG_WARN_OBJC_LITERAL_CONVERSION = YES;
				CLANG_WARN_OBJC_ROOT_CLASS = YES_ERROR;
				CLANG_WARN_QUOTED_INCLUDE_IN_FRAMEWORK_HEADER = YES;
				CLANG_WARN_RANGE_LOOP_ANALYSIS = YES;
				CLANG_WARN_STRICT_PROTOTYPES = YES;
				CLANG_WARN_SUSPICIOUS_MOVE = YES;
				CLANG_WARN_UNGUARDED_AVAILABILITY = YES_AGGRESSIVE;
				CLANG_WARN_UNREACHABLE_CODE = YES;
				CLANG_WARN__DUPLICATE_METHOD_MATCH = YES;
				COPY_PHASE_STRIP = NO;
				DEBUG_INFORMATION_FORMAT = dwarf;
				ENABLE_STRICT_OBJC_MSGSEND = YES;
				ENABLE_TESTABILITY = YES;
				GCC_C_LANGUAGE_STANDARD = gnu11;
				GCC_DYNAMIC_NO_PIC = NO;
				GCC_NO_COMMON_BLOCKS = YES;
				GCC_OPTIMIZATION_LEVEL = 0;
				GCC_PREPROCESSOR_DEFINITIONS = (
					"DEBUG=1",
					"$(inherited)",
				);
				GCC_WARN_64_TO_32_BIT_CONVERSION = YES;
				GCC_WARN_ABOUT_RETURN_TYPE = YES_ERROR;
				GCC_WARN_UNDECLARED_SELECTOR = YES;
				GCC_WARN_UNINITIALIZED_AUTOS = YES_AGGRESSIVE;
				GCC_WARN_UNUSED_FUNCTION = YES;
				GCC_WARN_UNUSED_VARIABLE = YES;
				IPHONEOS_DEPLOYMENT_TARGET = 14.0;
				MTL_ENABLE_DEBUG_INFO = INCLUDE_SOURCE;
				MTL_FAST_MATH = YES;
				ONLY_ACTIVE_ARCH = YES;
				SDKROOT = iphoneos;
				SWIFT_ACTIVE_COMPILATION_CONDITIONS = DEBUG;
				SWIFT_OPTIMIZATION_LEVEL = "-Onone";
			};
			name = Debug;
		};
		C019AEDD2518670800FF752F /* Release */ = {
			isa = XCBuildConfiguration;
			buildSettings = {
				ALWAYS_SEARCH_USER_PATHS = NO;
				CLANG_ANALYZER_NONNULL = YES;
				CLANG_ANALYZER_NUMBER_OBJECT_CONVERSION = YES_AGGRESSIVE;
				CLANG_CXX_LANGUAGE_STANDARD = "gnu++14";
				CLANG_CXX_LIBRARY = "libc++";
				CLANG_ENABLE_MODULES = YES;
				CLANG_ENABLE_OBJC_ARC = YES;
				CLANG_ENABLE_OBJC_WEAK = YES;
				CLANG_WARN_BLOCK_CAPTURE_AUTORELEASING = YES;
				CLANG_WARN_BOOL_CONVERSION = YES;
				CLANG_WARN_COMMA = YES;
				CLANG_WARN_CONSTANT_CONVERSION = YES;
				CLANG_WARN_DEPRECATED_OBJC_IMPLEMENTATIONS = YES;
				CLANG_WARN_DIRECT_OBJC_ISA_USAGE = YES_ERROR;
				CLANG_WARN_DOCUMENTATION_COMMENTS = YES;
				CLANG_WARN_EMPTY_BODY = YES;
				CLANG_WARN_ENUM_CONVERSION = YES;
				CLANG_WARN_INFINITE_RECURSION = YES;
				CLANG_WARN_INT_CONVERSION = YES;
				CLANG_WARN_NON_LITERAL_NULL_CONVERSION = YES;
				CLANG_WARN_OBJC_IMPLICIT_RETAIN_SELF = YES;
				CLANG_WARN_OBJC_LITERAL_CONVERSION = YES;
				CLANG_WARN_OBJC_ROOT_CLASS = YES_ERROR;
				CLANG_WARN_QUOTED_INCLUDE_IN_FRAMEWORK_HEADER = YES;
				CLANG_WARN_RANGE_LOOP_ANALYSIS = YES;
				CLANG_WARN_STRICT_PROTOTYPES = YES;
				CLANG_WARN_SUSPICIOUS_MOVE = YES;
				CLANG_WARN_UNGUARDED_AVAILABILITY = YES_AGGRESSIVE;
				CLANG_WARN_UNREACHABLE_CODE = YES;
				CLANG_WARN__DUPLICATE_METHOD_MATCH = YES;
				COPY_PHASE_STRIP = NO;
				DEBUG_INFORMATION_FORMAT = "dwarf-with-dsym";
				ENABLE_NS_ASSERTIONS = NO;
				ENABLE_STRICT_OBJC_MSGSEND = YES;
				GCC_C_LANGUAGE_STANDARD = gnu11;
				GCC_NO_COMMON_BLOCKS = YES;
				GCC_WARN_64_TO_32_BIT_CONVERSION = YES;
				GCC_WARN_ABOUT_RETURN_TYPE = YES_ERROR;
				GCC_WARN_UNDECLARED_SELECTOR = YES;
				GCC_WARN_UNINITIALIZED_AUTOS = YES_AGGRESSIVE;
				GCC_WARN_UNUSED_FUNCTION = YES;
				GCC_WARN_UNUSED_VARIABLE = YES;
				IPHONEOS_DEPLOYMENT_TARGET = 14.0;
				MTL_ENABLE_DEBUG_INFO = NO;
				MTL_FAST_MATH = YES;
				SDKROOT = iphoneos;
				SWIFT_COMPILATION_MODE = wholemodule;
				SWIFT_OPTIMIZATION_LEVEL = "-O";
				VALIDATE_PRODUCT = YES;
			};
			name = Release;
		};
		C019AEDF2518670800FF752F /* Debug */ = {
			isa = XCBuildConfiguration;
			buildSettings = {
				ASSETCATALOG_COMPILER_APPICON_NAME = AppIcon;
				ASSETCATALOG_COMPILER_GLOBAL_ACCENT_COLOR_NAME = AccentColor;
				CODE_SIGN_STYLE = Automatic;
				DEVELOPMENT_TEAM = 8ZTJDGA48U;
				INFOPLIST_FILE = "e-KYC/Info.plist";
				IPHONEOS_DEPLOYMENT_TARGET = 13.0;
				LD_RUNPATH_SEARCH_PATHS = (
					"$(inherited)",
					"@executable_path/Frameworks",
				);
				PRODUCT_BUNDLE_IDENTIFIER = "com.arraisi.e-KYC";
				PRODUCT_NAME = "$(TARGET_NAME)";
				SWIFT_VERSION = 5.0;
				TARGETED_DEVICE_FAMILY = "1,2";
			};
			name = Debug;
		};
		C019AEE02518670800FF752F /* Release */ = {
			isa = XCBuildConfiguration;
			buildSettings = {
				ASSETCATALOG_COMPILER_APPICON_NAME = AppIcon;
				ASSETCATALOG_COMPILER_GLOBAL_ACCENT_COLOR_NAME = AccentColor;
				CODE_SIGN_STYLE = Automatic;
				DEVELOPMENT_TEAM = 8ZTJDGA48U;
				INFOPLIST_FILE = "e-KYC/Info.plist";
				IPHONEOS_DEPLOYMENT_TARGET = 13.0;
				LD_RUNPATH_SEARCH_PATHS = (
					"$(inherited)",
					"@executable_path/Frameworks",
				);
				PRODUCT_BUNDLE_IDENTIFIER = "com.arraisi.e-KYC";
				PRODUCT_NAME = "$(TARGET_NAME)";
				SWIFT_VERSION = 5.0;
				TARGETED_DEVICE_FAMILY = "1,2";
			};
			name = Release;
		};
		C019AEE22518670800FF752F /* Debug */ = {
			isa = XCBuildConfiguration;
			buildSettings = {
				ALWAYS_EMBED_SWIFT_STANDARD_LIBRARIES = YES;
				BUNDLE_LOADER = "$(TEST_HOST)";
				CODE_SIGN_STYLE = Automatic;
				DEVELOPMENT_TEAM = 8ZTJDGA48U;
				INFOPLIST_FILE = "e-KYCTests/Info.plist";
				IPHONEOS_DEPLOYMENT_TARGET = 14.0;
				LD_RUNPATH_SEARCH_PATHS = (
					"$(inherited)",
					"@executable_path/Frameworks",
					"@loader_path/Frameworks",
				);
				PRODUCT_BUNDLE_IDENTIFIER = "com.arraisi.e-KYCTests";
				PRODUCT_NAME = "$(TARGET_NAME)";
				SWIFT_VERSION = 5.0;
				TARGETED_DEVICE_FAMILY = "1,2";
				TEST_HOST = "$(BUILT_PRODUCTS_DIR)/e-KYC.app/e-KYC";
			};
			name = Debug;
		};
		C019AEE32518670800FF752F /* Release */ = {
			isa = XCBuildConfiguration;
			buildSettings = {
				ALWAYS_EMBED_SWIFT_STANDARD_LIBRARIES = YES;
				BUNDLE_LOADER = "$(TEST_HOST)";
				CODE_SIGN_STYLE = Automatic;
				DEVELOPMENT_TEAM = 8ZTJDGA48U;
				INFOPLIST_FILE = "e-KYCTests/Info.plist";
				IPHONEOS_DEPLOYMENT_TARGET = 14.0;
				LD_RUNPATH_SEARCH_PATHS = (
					"$(inherited)",
					"@executable_path/Frameworks",
					"@loader_path/Frameworks",
				);
				PRODUCT_BUNDLE_IDENTIFIER = "com.arraisi.e-KYCTests";
				PRODUCT_NAME = "$(TARGET_NAME)";
				SWIFT_VERSION = 5.0;
				TARGETED_DEVICE_FAMILY = "1,2";
				TEST_HOST = "$(BUILT_PRODUCTS_DIR)/e-KYC.app/e-KYC";
			};
			name = Release;
		};
		C019AEE52518670800FF752F /* Debug */ = {
			isa = XCBuildConfiguration;
			buildSettings = {
				ALWAYS_EMBED_SWIFT_STANDARD_LIBRARIES = YES;
				CODE_SIGN_STYLE = Automatic;
				DEVELOPMENT_TEAM = 8ZTJDGA48U;
				INFOPLIST_FILE = "e-KYCUITests/Info.plist";
				LD_RUNPATH_SEARCH_PATHS = (
					"$(inherited)",
					"@executable_path/Frameworks",
					"@loader_path/Frameworks",
				);
				PRODUCT_BUNDLE_IDENTIFIER = "com.arraisi.e-KYCUITests";
				PRODUCT_NAME = "$(TARGET_NAME)";
				SWIFT_VERSION = 5.0;
				TARGETED_DEVICE_FAMILY = "1,2";
				TEST_TARGET_NAME = "e-KYC";
			};
			name = Debug;
		};
		C019AEE62518670800FF752F /* Release */ = {
			isa = XCBuildConfiguration;
			buildSettings = {
				ALWAYS_EMBED_SWIFT_STANDARD_LIBRARIES = YES;
				CODE_SIGN_STYLE = Automatic;
				DEVELOPMENT_TEAM = 8ZTJDGA48U;
				INFOPLIST_FILE = "e-KYCUITests/Info.plist";
				LD_RUNPATH_SEARCH_PATHS = (
					"$(inherited)",
					"@executable_path/Frameworks",
					"@loader_path/Frameworks",
				);
				PRODUCT_BUNDLE_IDENTIFIER = "com.arraisi.e-KYCUITests";
				PRODUCT_NAME = "$(TARGET_NAME)";
				SWIFT_VERSION = 5.0;
				TARGETED_DEVICE_FAMILY = "1,2";
				TEST_TARGET_NAME = "e-KYC";
			};
			name = Release;
		};
/* End XCBuildConfiguration section */

/* Begin XCConfigurationList section */
		C019AEAF2518670400FF752F /* Build configuration list for PBXProject "e-KYC" */ = {
			isa = XCConfigurationList;
			buildConfigurations = (
				C019AEDC2518670800FF752F /* Debug */,
				C019AEDD2518670800FF752F /* Release */,
			);
			defaultConfigurationIsVisible = 0;
			defaultConfigurationName = Release;
		};
		C019AEDE2518670800FF752F /* Build configuration list for PBXNativeTarget "e-KYC" */ = {
			isa = XCConfigurationList;
			buildConfigurations = (
				C019AEDF2518670800FF752F /* Debug */,
				C019AEE02518670800FF752F /* Release */,
			);
			defaultConfigurationIsVisible = 0;
			defaultConfigurationName = Release;
		};
		C019AEE12518670800FF752F /* Build configuration list for PBXNativeTarget "e-KYCTests" */ = {
			isa = XCConfigurationList;
			buildConfigurations = (
				C019AEE22518670800FF752F /* Debug */,
				C019AEE32518670800FF752F /* Release */,
			);
			defaultConfigurationIsVisible = 0;
			defaultConfigurationName = Release;
		};
		C019AEE42518670800FF752F /* Build configuration list for PBXNativeTarget "e-KYCUITests" */ = {
			isa = XCConfigurationList;
			buildConfigurations = (
				C019AEE52518670800FF752F /* Debug */,
				C019AEE62518670800FF752F /* Release */,
			);
			defaultConfigurationIsVisible = 0;
			defaultConfigurationName = Release;
		};
/* End XCConfigurationList section */
	};
	rootObject = C019AEAC2518670400FF752F /* Project object */;
}
